
Microsoft Visual Studio Solution File, Format Version 12.00
# Visual Studio Version 17
VisualStudioVersion = 17.1.32228.430
MinimumVisualStudioVersion = 10.0.40219.1
Project("{FAE04EC0-301F-11D3-BF4B-00C04F79EFBC}") = "Server", "Server.csproj", "{5D63EACE-1BCA-4754-957B-386753CE0239}"
EndProject
Global
	GlobalSection(SolutionConfigurationPlatforms) = preSolution
		Debug|Any CPU = Debug|Any CPU
		Release|Any CPU = Release|Any CPU
	EndGlobalSection
	GlobalSection(ProjectConfigurationPlatforms) = postSolution
		{5D63EACE-1BCA-4754-957B-386753CE0239}.Debug|Any CPU.ActiveCfg = Debug|Any CPU
		{5D63EACE-1BCA-4754-957B-386753CE0239}.Debug|Any CPU.Build.0 = Debug|Any CPU
		{5D63EACE-1BCA-4754-957B-386753CE0239}.Release|Any CPU.ActiveCfg = Release|Any CPU
		{5D63EACE-1BCA-4754-957B-386753CE0239}.Release|Any CPU.Build.0 = Release|Any CPU
	EndGlobalSection
	GlobalSection(SolutionProperties) = preSolution
		HideSolutionNode = FALSE
	EndGlobalSection
	GlobalSection(ExtensibilityGlobals) = postSolution
		SolutionGuid = {5D1C2207-411F-4515-9167-6770E3058D1C}
	EndGlobalSection
EndGlobal
